
Microsoft Visual Studio Solution File, Format Version 12.00
# Visual Studio Version 16
VisualStudioVersion = 16.0.29911.84
MinimumVisualStudioVersion = 10.0.40219.1
Project("{9A19103F-16F7-4668-BE54-9A1E7A4F7556}") = "Azure.Template.Tests", "tests\Azure.Template.Tests.csproj", "{4F476D56-DDE7-43D3-8CB4-BA1E77F5A300}"
EndProject
Project("{9A19103F-16F7-4668-BE54-9A1E7A4F7556}") = "Azure.Management.Advisor", "src\Azure.Management.Advisor.csproj", "{62EA332C-4CFF-4EAE-B67F-26B31DA9DA52}"
EndProject
Global
	GlobalSection(SolutionConfigurationPlatforms) = preSolution
		Debug|Any CPU = Debug|Any CPU
		Release|Any CPU = Release|Any CPU
	EndGlobalSection
	GlobalSection(ProjectConfigurationPlatforms) = postSolution
		{4F476D56-DDE7-43D3-8CB4-BA1E77F5A300}.Debug|Any CPU.ActiveCfg = Debug|Any CPU
		{4F476D56-DDE7-43D3-8CB4-BA1E77F5A300}.Debug|Any CPU.Build.0 = Debug|Any CPU
		{4F476D56-DDE7-43D3-8CB4-BA1E77F5A300}.Release|Any CPU.ActiveCfg = Release|Any CPU
		{4F476D56-DDE7-43D3-8CB4-BA1E77F5A300}.Release|Any CPU.Build.0 = Release|Any CPU
		{62EA332C-4CFF-4EAE-B67F-26B31DA9DA52}.Debug|Any CPU.ActiveCfg = Debug|Any CPU
		{62EA332C-4CFF-4EAE-B67F-26B31DA9DA52}.Debug|Any CPU.Build.0 = Debug|Any CPU
		{62EA332C-4CFF-4EAE-B67F-26B31DA9DA52}.Release|Any CPU.ActiveCfg = Release|Any CPU
		{62EA332C-4CFF-4EAE-B67F-26B31DA9DA52}.Release|Any CPU.Build.0 = Release|Any CPU
	EndGlobalSection
	GlobalSection(SolutionProperties) = preSolution
		HideSolutionNode = FALSE
	EndGlobalSection
	GlobalSection(ExtensibilityGlobals) = postSolution
		SolutionGuid = {A97F4B90-2591-4689-B1F8-5F21FE6D6CAE}
	EndGlobalSection
EndGlobal
