
Microsoft Visual Studio Solution File, Format Version 12.00
# Visual Studio Version 16
VisualStudioVersion = 16.0.30011.22
MinimumVisualStudioVersion = 15.0.26124.0
Project("{9A19103F-16F7-4668-BE54-9A1E7A4F7556}") = "Azure.Management.Network", "src\Azure.Management.Network.csproj", "{7396EF8E-B87C-47D6-B189-7852E0CC1560}"
EndProject
Project("{9A19103F-16F7-4668-BE54-9A1E7A4F7556}") = "Azure.Management.Network.Tests", "tests\Azure.Management.Network.Tests.csproj", "{0813E74E-6852-4E00-8CA8-4477DC0FCB63}"
EndProject
Project("{9A19103F-16F7-4668-BE54-9A1E7A4F7556}") = "Azure.Core.TestFramework", "..\..\core\Azure.Core.TestFramework\src\Azure.Core.TestFramework.csproj", "{BBB11776-0A3C-439D-8DEA-F00265086848}"
EndProject
Project("{9A19103F-16F7-4668-BE54-9A1E7A4F7556}") = "Azure.Management.Resource", "..\..\testcommon\Azure.Management.Resource1.6.0\src\Azure.Management.Resource.csproj", "{BCBC083A-EF0F-41AD-A744-B077CE1BD9C6}"
EndProject
Project("{9A19103F-16F7-4668-BE54-9A1E7A4F7556}") = "Azure.Graph.Rbac", "..\..\testcommon\Azure.Graph.Rbac\src\Azure.Graph.Rbac.csproj", "{A73273E1-5076-4435-833D-73791748D162}"
EndProject
Project("{9A19103F-16F7-4668-BE54-9A1E7A4F7556}") = "Azure.Management.Compute", "..\..\compute\Azure.Management.Compute\src\Azure.Management.Compute.csproj", "{48B0B5B9-1FF4-4867-8975-B131EB37A4B7}"
EndProject
Global
	GlobalSection(SolutionConfigurationPlatforms) = preSolution
		Debug|Any CPU = Debug|Any CPU
		Debug|x64 = Debug|x64
		Debug|x86 = Debug|x86
		Release|Any CPU = Release|Any CPU
		Release|x64 = Release|x64
		Release|x86 = Release|x86
	EndGlobalSection
	GlobalSection(ProjectConfigurationPlatforms) = postSolution
		{7396EF8E-B87C-47D6-B189-7852E0CC1560}.Debug|Any CPU.ActiveCfg = Debug|Any CPU
		{7396EF8E-B87C-47D6-B189-7852E0CC1560}.Debug|Any CPU.Build.0 = Debug|Any CPU
		{7396EF8E-B87C-47D6-B189-7852E0CC1560}.Debug|x64.ActiveCfg = Debug|Any CPU
		{7396EF8E-B87C-47D6-B189-7852E0CC1560}.Debug|x64.Build.0 = Debug|Any CPU
		{7396EF8E-B87C-47D6-B189-7852E0CC1560}.Debug|x86.ActiveCfg = Debug|Any CPU
		{7396EF8E-B87C-47D6-B189-7852E0CC1560}.Debug|x86.Build.0 = Debug|Any CPU
		{7396EF8E-B87C-47D6-B189-7852E0CC1560}.Release|Any CPU.ActiveCfg = Release|Any CPU
		{7396EF8E-B87C-47D6-B189-7852E0CC1560}.Release|Any CPU.Build.0 = Release|Any CPU
		{7396EF8E-B87C-47D6-B189-7852E0CC1560}.Release|x64.ActiveCfg = Release|Any CPU
		{7396EF8E-B87C-47D6-B189-7852E0CC1560}.Release|x64.Build.0 = Release|Any CPU
		{7396EF8E-B87C-47D6-B189-7852E0CC1560}.Release|x86.ActiveCfg = Release|Any CPU
		{7396EF8E-B87C-47D6-B189-7852E0CC1560}.Release|x86.Build.0 = Release|Any CPU
		{0813E74E-6852-4E00-8CA8-4477DC0FCB63}.Debug|Any CPU.ActiveCfg = Debug|Any CPU
		{0813E74E-6852-4E00-8CA8-4477DC0FCB63}.Debug|Any CPU.Build.0 = Debug|Any CPU
		{0813E74E-6852-4E00-8CA8-4477DC0FCB63}.Debug|x64.ActiveCfg = Debug|Any CPU
		{0813E74E-6852-4E00-8CA8-4477DC0FCB63}.Debug|x64.Build.0 = Debug|Any CPU
		{0813E74E-6852-4E00-8CA8-4477DC0FCB63}.Debug|x86.ActiveCfg = Debug|Any CPU
		{0813E74E-6852-4E00-8CA8-4477DC0FCB63}.Debug|x86.Build.0 = Debug|Any CPU
		{0813E74E-6852-4E00-8CA8-4477DC0FCB63}.Release|Any CPU.ActiveCfg = Release|Any CPU
		{0813E74E-6852-4E00-8CA8-4477DC0FCB63}.Release|Any CPU.Build.0 = Release|Any CPU
		{0813E74E-6852-4E00-8CA8-4477DC0FCB63}.Release|x64.ActiveCfg = Release|Any CPU
		{0813E74E-6852-4E00-8CA8-4477DC0FCB63}.Release|x64.Build.0 = Release|Any CPU
		{0813E74E-6852-4E00-8CA8-4477DC0FCB63}.Release|x86.ActiveCfg = Release|Any CPU
		{0813E74E-6852-4E00-8CA8-4477DC0FCB63}.Release|x86.Build.0 = Release|Any CPU
		{BBB11776-0A3C-439D-8DEA-F00265086848}.Debug|Any CPU.ActiveCfg = Debug|Any CPU
		{BBB11776-0A3C-439D-8DEA-F00265086848}.Debug|Any CPU.Build.0 = Debug|Any CPU
		{BBB11776-0A3C-439D-8DEA-F00265086848}.Debug|x64.ActiveCfg = Debug|Any CPU
		{BBB11776-0A3C-439D-8DEA-F00265086848}.Debug|x64.Build.0 = Debug|Any CPU
		{BBB11776-0A3C-439D-8DEA-F00265086848}.Debug|x86.ActiveCfg = Debug|Any CPU
		{BBB11776-0A3C-439D-8DEA-F00265086848}.Debug|x86.Build.0 = Debug|Any CPU
		{BBB11776-0A3C-439D-8DEA-F00265086848}.Release|Any CPU.ActiveCfg = Release|Any CPU
		{BBB11776-0A3C-439D-8DEA-F00265086848}.Release|Any CPU.Build.0 = Release|Any CPU
		{BBB11776-0A3C-439D-8DEA-F00265086848}.Release|x64.ActiveCfg = Release|Any CPU
		{BBB11776-0A3C-439D-8DEA-F00265086848}.Release|x64.Build.0 = Release|Any CPU
		{BBB11776-0A3C-439D-8DEA-F00265086848}.Release|x86.ActiveCfg = Release|Any CPU
		{BBB11776-0A3C-439D-8DEA-F00265086848}.Release|x86.Build.0 = Release|Any CPU
		{BCBC083A-EF0F-41AD-A744-B077CE1BD9C6}.Debug|Any CPU.ActiveCfg = Debug|Any CPU
		{BCBC083A-EF0F-41AD-A744-B077CE1BD9C6}.Debug|Any CPU.Build.0 = Debug|Any CPU
		{BCBC083A-EF0F-41AD-A744-B077CE1BD9C6}.Debug|x64.ActiveCfg = Debug|Any CPU
		{BCBC083A-EF0F-41AD-A744-B077CE1BD9C6}.Debug|x64.Build.0 = Debug|Any CPU
		{BCBC083A-EF0F-41AD-A744-B077CE1BD9C6}.Debug|x86.ActiveCfg = Debug|Any CPU
		{BCBC083A-EF0F-41AD-A744-B077CE1BD9C6}.Debug|x86.Build.0 = Debug|Any CPU
		{BCBC083A-EF0F-41AD-A744-B077CE1BD9C6}.Release|Any CPU.ActiveCfg = Release|Any CPU
		{BCBC083A-EF0F-41AD-A744-B077CE1BD9C6}.Release|Any CPU.Build.0 = Release|Any CPU
		{BCBC083A-EF0F-41AD-A744-B077CE1BD9C6}.Release|x64.ActiveCfg = Release|Any CPU
		{BCBC083A-EF0F-41AD-A744-B077CE1BD9C6}.Release|x64.Build.0 = Release|Any CPU
		{BCBC083A-EF0F-41AD-A744-B077CE1BD9C6}.Release|x86.ActiveCfg = Release|Any CPU
		{BCBC083A-EF0F-41AD-A744-B077CE1BD9C6}.Release|x86.Build.0 = Release|Any CPU
		{A73273E1-5076-4435-833D-73791748D162}.Debug|Any CPU.ActiveCfg = Debug|Any CPU
		{A73273E1-5076-4435-833D-73791748D162}.Debug|Any CPU.Build.0 = Debug|Any CPU
		{A73273E1-5076-4435-833D-73791748D162}.Debug|x64.ActiveCfg = Debug|Any CPU
		{A73273E1-5076-4435-833D-73791748D162}.Debug|x64.Build.0 = Debug|Any CPU
		{A73273E1-5076-4435-833D-73791748D162}.Debug|x86.ActiveCfg = Debug|Any CPU
		{A73273E1-5076-4435-833D-73791748D162}.Debug|x86.Build.0 = Debug|Any CPU
		{A73273E1-5076-4435-833D-73791748D162}.Release|Any CPU.ActiveCfg = Release|Any CPU
		{A73273E1-5076-4435-833D-73791748D162}.Release|Any CPU.Build.0 = Release|Any CPU
		{A73273E1-5076-4435-833D-73791748D162}.Release|x64.ActiveCfg = Release|Any CPU
		{A73273E1-5076-4435-833D-73791748D162}.Release|x64.Build.0 = Release|Any CPU
		{A73273E1-5076-4435-833D-73791748D162}.Release|x86.ActiveCfg = Release|Any CPU
		{A73273E1-5076-4435-833D-73791748D162}.Release|x86.Build.0 = Release|Any CPU
		{48B0B5B9-1FF4-4867-8975-B131EB37A4B7}.Debug|Any CPU.ActiveCfg = Debug|Any CPU
		{48B0B5B9-1FF4-4867-8975-B131EB37A4B7}.Debug|Any CPU.Build.0 = Debug|Any CPU
		{48B0B5B9-1FF4-4867-8975-B131EB37A4B7}.Debug|x64.ActiveCfg = Debug|Any CPU
		{48B0B5B9-1FF4-4867-8975-B131EB37A4B7}.Debug|x64.Build.0 = Debug|Any CPU
		{48B0B5B9-1FF4-4867-8975-B131EB37A4B7}.Debug|x86.ActiveCfg = Debug|Any CPU
		{48B0B5B9-1FF4-4867-8975-B131EB37A4B7}.Debug|x86.Build.0 = Debug|Any CPU
		{48B0B5B9-1FF4-4867-8975-B131EB37A4B7}.Release|Any CPU.ActiveCfg = Release|Any CPU
		{48B0B5B9-1FF4-4867-8975-B131EB37A4B7}.Release|Any CPU.Build.0 = Release|Any CPU
		{48B0B5B9-1FF4-4867-8975-B131EB37A4B7}.Release|x64.ActiveCfg = Release|Any CPU
		{48B0B5B9-1FF4-4867-8975-B131EB37A4B7}.Release|x64.Build.0 = Release|Any CPU
		{48B0B5B9-1FF4-4867-8975-B131EB37A4B7}.Release|x86.ActiveCfg = Release|Any CPU
		{48B0B5B9-1FF4-4867-8975-B131EB37A4B7}.Release|x86.Build.0 = Release|Any CPU
	EndGlobalSection
	GlobalSection(SolutionProperties) = preSolution
		HideSolutionNode = FALSE
	EndGlobalSection
	GlobalSection(ExtensibilityGlobals) = postSolution
		SolutionGuid = {19118EBE-265F-41C6-84E2-47CF1DA0E9DD}
	EndGlobalSection
EndGlobal
