
Microsoft Visual Studio Solution File, Format Version 12.00
# Visual Studio 15
VisualStudioVersion = 15.0.28307.421
MinimumVisualStudioVersion = 10.0.40219.1
Project("{9A19103F-16F7-4668-BE54-9A1E7A4F7556}") = "Azure.Management.Storage", "src\Azure.Management.Storage.csproj", "{884B8ED6-CD6C-46BD-B8D9-C7FA3BC2FF3C}"
EndProject
Project("{9A19103F-16F7-4668-BE54-9A1E7A4F7556}") = "Azure.Management.Storage.Tests", "tests\Azure.Management.Storage.Tests.csproj", "{BCE1CEC7-4555-4187-B8C6-433025E3EF93}"
EndProject
Global
	GlobalSection(SolutionConfigurationPlatforms) = preSolution
		Debug|Any CPU = Debug|Any CPU
		Release|Any CPU = Release|Any CPU
	EndGlobalSection
	GlobalSection(ProjectConfigurationPlatforms) = postSolution
		{884B8ED6-CD6C-46BD-B8D9-C7FA3BC2FF3C}.Debug|Any CPU.ActiveCfg = Debug|Any CPU
		{884B8ED6-CD6C-46BD-B8D9-C7FA3BC2FF3C}.Debug|Any CPU.Build.0 = Debug|Any CPU
		{884B8ED6-CD6C-46BD-B8D9-C7FA3BC2FF3C}.Release|Any CPU.ActiveCfg = Release|Any CPU
		{884B8ED6-CD6C-46BD-B8D9-C7FA3BC2FF3C}.Release|Any CPU.Build.0 = Release|Any CPU
		{BCE1CEC7-4555-4187-B8C6-433025E3EF93}.Debug|Any CPU.ActiveCfg = Debug|Any CPU
		{BCE1CEC7-4555-4187-B8C6-433025E3EF93}.Debug|Any CPU.Build.0 = Debug|Any CPU
		{BCE1CEC7-4555-4187-B8C6-433025E3EF93}.Release|Any CPU.ActiveCfg = Release|Any CPU
		{BCE1CEC7-4555-4187-B8C6-433025E3EF93}.Release|Any CPU.Build.0 = Release|Any CPU
	EndGlobalSection
	GlobalSection(SolutionProperties) = preSolution
		HideSolutionNode = FALSE
	EndGlobalSection
	GlobalSection(ExtensibilityGlobals) = postSolution
		SolutionGuid = {A97F4B90-2591-4689-B1F8-5F21FE6D6CAE}
	EndGlobalSection
EndGlobal
